
Microsoft Visual Studio Solution File, Format Version 12.00
# Visual Studio Version 17
VisualStudioVersion = 17.0.31903.59
MinimumVisualStudioVersion = 10.0.40219.1
Project("{FAE04EC0-301F-11D3-BF4B-00C04F79EFBC}") = "API", "API\API.csproj", "{98DFC9B6-7CEF-4FDB-98A8-256B15B6CCB6}"
EndProject
Project("{FAE04EC0-301F-11D3-BF4B-00C04F79EFBC}") = "BLL", "BLL\BLL.csproj", "{034E346A-13F5-405C-82A2-1B21914236E3}"
EndProject
Project("{FAE04EC0-301F-11D3-BF4B-00C04F79EFBC}") = "DAL", "DAL\DAL.csproj", "{395D4E27-C65A-49AB-829F-7D36A686C32B}"
EndProject
Global
	GlobalSection(SolutionConfigurationPlatforms) = preSolution
		Debug|Any CPU = Debug|Any CPU
		Release|Any CPU = Release|Any CPU
	EndGlobalSection
	GlobalSection(SolutionProperties) = preSolution
		HideSolutionNode = FALSE
	EndGlobalSection
	GlobalSection(ProjectConfigurationPlatforms) = postSolution
		{98DFC9B6-7CEF-4FDB-98A8-256B15B6CCB6}.Debug|Any CPU.ActiveCfg = Debug|Any CPU
		{98DFC9B6-7CEF-4FDB-98A8-256B15B6CCB6}.Debug|Any CPU.Build.0 = Debug|Any CPU
		{98DFC9B6-7CEF-4FDB-98A8-256B15B6CCB6}.Release|Any CPU.ActiveCfg = Release|Any CPU
		{98DFC9B6-7CEF-4FDB-98A8-256B15B6CCB6}.Release|Any CPU.Build.0 = Release|Any CPU
		{034E346A-13F5-405C-82A2-1B21914236E3}.Debug|Any CPU.ActiveCfg = Debug|Any CPU
		{034E346A-13F5-405C-82A2-1B21914236E3}.Debug|Any CPU.Build.0 = Debug|Any CPU
		{034E346A-13F5-405C-82A2-1B21914236E3}.Release|Any CPU.ActiveCfg = Release|Any CPU
		{034E346A-13F5-405C-82A2-1B21914236E3}.Release|Any CPU.Build.0 = Release|Any CPU
		{395D4E27-C65A-49AB-829F-7D36A686C32B}.Debug|Any CPU.ActiveCfg = Debug|Any CPU
		{395D4E27-C65A-49AB-829F-7D36A686C32B}.Debug|Any CPU.Build.0 = Debug|Any CPU
		{395D4E27-C65A-49AB-829F-7D36A686C32B}.Release|Any CPU.ActiveCfg = Release|Any CPU
		{395D4E27-C65A-49AB-829F-7D36A686C32B}.Release|Any CPU.Build.0 = Release|Any CPU
	EndGlobalSection
EndGlobal
